// !$*UTF8*$!
{
	archiveVersion = 1;
	classes = {
	};
	objectVersion = 70;
	objects = {

/* Begin PBXBuildFile section */
		101B53852A3BC0210088B4BD /* GRDB in Frameworks */ = {isa = PBXBuildFile; productRef = 101B53842A3BC0210088B4BD /* GRDB */; };
		E24474412859CA9600F8891C /* WidgetKit.framework in Frameworks */ = {isa = PBXBuildFile; fileRef = E27BFC0226B1407E00F8FBEF /* WidgetKit.framework */; };
		E24474422859CA9600F8891C /* SwiftUI.framework in Frameworks */ = {isa = PBXBuildFile; fileRef = E27BFC0426B1407E00F8FBEF /* SwiftUI.framework */; };
		E244744B2859CA9700F8891C /* DOSBTSWidget.appex in Embed Foundation Extensions */ = {isa = PBXBuildFile; fileRef = E24474402859CA9600F8891C /* DOSBTSWidget.appex */; settings = {ATTRIBUTES = (RemoveHeadersOnCopy, ); }; };
		E251653E28D7BFE900922898 /* ActivityKit.framework in Frameworks */ = {isa = PBXBuildFile; fileRef = E251653D28D7BFE900922898 /* ActivityKit.framework */; settings = {ATTRIBUTES = (Weak, ); }; };
		E251653F28D7BFF100922898 /* ActivityKit.framework in Frameworks */ = {isa = PBXBuildFile; fileRef = E251653D28D7BFE900922898 /* ActivityKit.framework */; settings = {ATTRIBUTES = (Weak, ); }; };
		E27BBA8027AD7DDA00A6B8EE /* HealthKit.framework in Frameworks */ = {isa = PBXBuildFile; fileRef = E27BBA7F27AD7DDA00A6B8EE /* HealthKit.framework */; };
		TE01000100000001000A0001 /* DOSBTSTests.swift in Sources */ = {isa = PBXBuildFile; fileRef = TE01000200000001000A0001 /* DOSBTSTests.swift */; };
		TE01000100000002000A0002 /* DirectReducerTests.swift in Sources */ = {isa = PBXBuildFile; fileRef = TE01000200000002000A0002 /* DirectReducerTests.swift */; };
		TE01000100000003000A0003 /* IOBCalculatorTests.swift in Sources */ = {isa = PBXBuildFile; fileRef = TE01000200000003000A0003 /* IOBCalculatorTests.swift */; };
		TE01000100000004000A0004 /* CustomCalibrationTests.swift in Sources */ = {isa = PBXBuildFile; fileRef = TE01000200000004000A0004 /* CustomCalibrationTests.swift */; };
		TE01000100000005000A0005 /* DailyDigestTests.swift in Sources */ = {isa = PBXBuildFile; fileRef = TE01000200000005000A0005 /* DailyDigestTests.swift */; };
		TE01000100000006000A0006 /* GlucoseStatisticsTests.swift in Sources */ = {isa = PBXBuildFile; fileRef = TE01000200000006000A0006 /* GlucoseStatisticsTests.swift */; };
		TE01000100000007000A0007 /* MealImpactTests.swift in Sources */ = {isa = PBXBuildFile; fileRef = TE01000200000007000A0007 /* MealImpactTests.swift */; };
		TE01000100000008000A0008 /* SensorTests.swift in Sources */ = {isa = PBXBuildFile; fileRef = TE01000200000008000A0008 /* SensorTests.swift */; };
		TE01000100000009000A0009 /* SensorTrendTests.swift in Sources */ = {isa = PBXBuildFile; fileRef = TE01000200000009000A0009 /* SensorTrendTests.swift */; };
		TE0100010000000A000A000A /* HasSeenBGRelocationHintReducerTests.swift in Sources */ = {isa = PBXBuildFile; fileRef = TE0100020000000A000A000A /* HasSeenBGRelocationHintReducerTests.swift */; };
		TE0100010000000B000A000B /* FavoriteFoodTests.swift in Sources */ = {isa = PBXBuildFile; fileRef = TE0100020000000B000A000B /* FavoriteFoodTests.swift */; };
		TE0100010000000C000A000C /* AppOpenCountReducerTests.swift in Sources */ = {isa = PBXBuildFile; fileRef = TE0100020000000C000A000C /* AppOpenCountReducerTests.swift */; };
		TE0100010000000D000A000D /* AmberChipTests.swift in Sources */ = {isa = PBXBuildFile; fileRef = TE0100020000000D000A000D /* AmberChipTests.swift */; };
		1DA4B45CFC6E42E78B81BFD8 /* EntryGroupListOverlayTests.swift in Sources */ = {isa = PBXBuildFile; fileRef = D9309BBC9D1A45039D88243C /* EntryGroupListOverlayTests.swift */; };
		014BC5267E0D43B3B9F2B6F9 /* InsulinImpactTests.swift in Sources */ = {isa = PBXBuildFile; fileRef = 2DF0395D4E22484C9E6488BD /* InsulinImpactTests.swift */; };
		TE0100010000000F000A000F /* QuickTimeChipsTests.swift in Sources */ = {isa = PBXBuildFile; fileRef = TE0100020000000F000A000F /* QuickTimeChipsTests.swift */; };
		940B4124F95646FBA4691020 /* StagingPlateRowTests.swift in Sources */ = {isa = PBXBuildFile; fileRef = FDBC4B4C2D774E90898BED6B /* StagingPlateRowTests.swift */; };
		TE0100010000000E000A000E /* StepperFieldTests.swift in Sources */ = {isa = PBXBuildFile; fileRef = TE0100020000000E000A000E /* StepperFieldTests.swift */; };
/* End PBXBuildFile section */

/* Begin PBXContainerItemProxy section */
		E24474492859CA9700F8891C /* PBXContainerItemProxy */ = {
			isa = PBXContainerItemProxy;
			containerPortal = E20B8532266F4A9800AA4224 /* Project object */;
			proxyType = 1;
			remoteGlobalIDString = E244743F2859CA9600F8891C;
			remoteInfo = WidgetsExtension;
		};
		TE01000300000001000A0001 /* PBXContainerItemProxy */ = {
			isa = PBXContainerItemProxy;
			containerPortal = E20B8532266F4A9800AA4224 /* Project object */;
			proxyType = 1;
			remoteGlobalIDString = E20B8539266F4A9800AA4224;
			remoteInfo = DOSBTSApp;
		};
/* End PBXContainerItemProxy section */

/* Begin PBXCopyFilesBuildPhase section */
		E27BFC1526B1407F00F8FBEF /* Embed Foundation Extensions */ = {
			isa = PBXCopyFilesBuildPhase;
			buildActionMask = 2147483647;
			dstPath = "";
			dstSubfolderSpec = 13;
			files = (
				E244744B2859CA9700F8891C /* DOSBTSWidget.appex in Embed Foundation Extensions */,
			);
			name = "Embed Foundation Extensions";
			runOnlyForDeploymentPostprocessing = 0;
		};
/* End PBXCopyFilesBuildPhase section */

/* Begin PBXFileReference section */
		6587CE4429620FB0008518F4 /* DOSBTSOverride.xcconfig */ = {isa = PBXFileReference; lastKnownFileType = text.xcconfig; path = DOSBTSOverride.xcconfig; sourceTree = "<group>"; };
		E20B853A266F4A9800AA4224 /* DOSBTSApp.app */ = {isa = PBXFileReference; explicitFileType = wrapper.application; includeInIndex = 0; path = DOSBTSApp.app; sourceTree = BUILT_PRODUCTS_DIR; };
		E24474402859CA9600F8891C /* DOSBTSWidget.appex */ = {isa = PBXFileReference; explicitFileType = "wrapper.app-extension"; includeInIndex = 0; path = DOSBTSWidget.appex; sourceTree = BUILT_PRODUCTS_DIR; };
		E247D8E426B7D70A00BDAF89 /* DOSBTS.xcconfig */ = {isa = PBXFileReference; lastKnownFileType = text.xcconfig; path = DOSBTS.xcconfig; sourceTree = "<group>"; };
		E251653D28D7BFE900922898 /* ActivityKit.framework */ = {isa = PBXFileReference; lastKnownFileType = wrapper.framework; name = ActivityKit.framework; path = System/Library/Frameworks/ActivityKit.framework; sourceTree = SDKROOT; };
		E27BBA7F27AD7DDA00A6B8EE /* HealthKit.framework */ = {isa = PBXFileReference; lastKnownFileType = wrapper.framework; name = HealthKit.framework; path = System/Library/Frameworks/HealthKit.framework; sourceTree = SDKROOT; };
		E27BFC0226B1407E00F8FBEF /* WidgetKit.framework */ = {isa = PBXFileReference; lastKnownFileType = wrapper.framework; name = WidgetKit.framework; path = System/Library/Frameworks/WidgetKit.framework; sourceTree = SDKROOT; };
		E27BFC0426B1407E00F8FBEF /* SwiftUI.framework */ = {isa = PBXFileReference; lastKnownFileType = wrapper.framework; name = SwiftUI.framework; path = System/Library/Frameworks/SwiftUI.framework; sourceTree = SDKROOT; };
		TE01000200000001000A0001 /* DOSBTSTests.swift */ = {isa = PBXFileReference; lastKnownFileType = sourcecode.swift; path = DOSBTSTests.swift; sourceTree = "<group>"; };
		TE01000200000002000A0002 /* DirectReducerTests.swift */ = {isa = PBXFileReference; lastKnownFileType = sourcecode.swift; path = DirectReducerTests.swift; sourceTree = "<group>"; };
		TE01000200000003000A0003 /* IOBCalculatorTests.swift */ = {isa = PBXFileReference; lastKnownFileType = sourcecode.swift; path = IOBCalculatorTests.swift; sourceTree = "<group>"; };
		TE01000200000004000A0004 /* CustomCalibrationTests.swift */ = {isa = PBXFileReference; lastKnownFileType = sourcecode.swift; path = CustomCalibrationTests.swift; sourceTree = "<group>"; };
		TE01000200000005000A0005 /* DailyDigestTests.swift */ = {isa = PBXFileReference; lastKnownFileType = sourcecode.swift; path = DailyDigestTests.swift; sourceTree = "<group>"; };
		TE01000200000006000A0006 /* GlucoseStatisticsTests.swift */ = {isa = PBXFileReference; lastKnownFileType = sourcecode.swift; path = GlucoseStatisticsTests.swift; sourceTree = "<group>"; };
		TE01000200000007000A0007 /* MealImpactTests.swift */ = {isa = PBXFileReference; lastKnownFileType = sourcecode.swift; path = MealImpactTests.swift; sourceTree = "<group>"; };
		TE01000200000008000A0008 /* SensorTests.swift */ = {isa = PBXFileReference; lastKnownFileType = sourcecode.swift; path = SensorTests.swift; sourceTree = "<group>"; };
		TE01000200000009000A0009 /* SensorTrendTests.swift */ = {isa = PBXFileReference; lastKnownFileType = sourcecode.swift; path = SensorTrendTests.swift; sourceTree = "<group>"; };
		TE0100020000000A000A000A /* HasSeenBGRelocationHintReducerTests.swift */ = {isa = PBXFileReference; lastKnownFileType = sourcecode.swift; path = HasSeenBGRelocationHintReducerTests.swift; sourceTree = "<group>"; };
		TE0100020000000B000A000B /* FavoriteFoodTests.swift */ = {isa = PBXFileReference; lastKnownFileType = sourcecode.swift; path = FavoriteFoodTests.swift; sourceTree = "<group>"; };
		TE0100020000000C000A000C /* AppOpenCountReducerTests.swift */ = {isa = PBXFileReference; lastKnownFileType = sourcecode.swift; path = AppOpenCountReducerTests.swift; sourceTree = "<group>"; };
		TE0100020000000D000A000D /* AmberChipTests.swift */ = {isa = PBXFileReference; lastKnownFileType = sourcecode.swift; path = AmberChipTests.swift; sourceTree = "<group>"; };
		D9309BBC9D1A45039D88243C /* EntryGroupListOverlayTests.swift */ = {isa = PBXFileReference; lastKnownFileType = sourcecode.swift; path = EntryGroupListOverlayTests.swift; sourceTree = "<group>"; };
		2DF0395D4E22484C9E6488BD /* InsulinImpactTests.swift */ = {isa = PBXFileReference; lastKnownFileType = sourcecode.swift; path = InsulinImpactTests.swift; sourceTree = "<group>"; };
		TE0100020000000F000A000F /* QuickTimeChipsTests.swift */ = {isa = PBXFileReference; lastKnownFileType = sourcecode.swift; path = QuickTimeChipsTests.swift; sourceTree = "<group>"; };
		FDBC4B4C2D774E90898BED6B /* StagingPlateRowTests.swift */ = {isa = PBXFileReference; lastKnownFileType = sourcecode.swift; path = StagingPlateRowTests.swift; sourceTree = "<group>"; };
		TE0100020000000E000A000E /* StepperFieldTests.swift */ = {isa = PBXFileReference; lastKnownFileType = sourcecode.swift; path = StepperFieldTests.swift; sourceTree = "<group>"; };
		TE01000400000001000A0001 /* DOSBTSTests.xctest */ = {isa = PBXFileReference; explicitFileType = wrapper.cfbundle; includeInIndex = 0; path = DOSBTSTests.xctest; sourceTree = BUILT_PRODUCTS_DIR; };
/* End PBXFileReference section */

/* Begin PBXFileSystemSynchronizedBuildFileExceptionSet section */
		E82178582F97ED5F00ACCE52 /* PBXFileSystemSynchronizedBuildFileExceptionSet */ = {
			isa = PBXFileSystemSynchronizedBuildFileExceptionSet;
			membershipExceptions = (
				Info.plist,
			);
			target = E20B8539266F4A9800AA4224 /* DOSBTSApp */;
		};
		E8217F012F97F9B800ACCE52 /* PBXFileSystemSynchronizedBuildFileExceptionSet */ = {
			isa = PBXFileSystemSynchronizedBuildFileExceptionSet;
			membershipExceptions = (
				Extensions/Float.swift,
				Resources/achievement.aiff,
				Resources/alarm.aiff,
				"Resources/buzz-beep.aiff",
				Resources/chiptone.aiff,
				"Resources/climb-rope.aiff",
				"Resources/coin-chime.aiff",
				"Resources/coin-insert.aiff",
				"Resources/collect-point.aiff",
				Resources/expiring.aiff,
				Resources/failure.aiff,
				Resources/future.aiff,
				Resources/highlight.aiff,
				Resources/hit.aiff,
				Resources/jump.aiff,
				"Resources/long-alarm.aiff",
				Resources/lose.aiff,
				"Resources/low-battery.aiff",
				Resources/mute.aiff,
				Resources/negative.aiff,
				Resources/ping.aiff,
				Resources/positive.aiff,
				Resources/sensor.png,
				Resources/silent.aiff,
			);
			target = E244743F2859CA9600F8891C /* DOSBTSWidget */;
		};
		E8217F252F97F9BE00ACCE52 /* PBXFileSystemSynchronizedBuildFileExceptionSet */ = {
			isa = PBXFileSystemSynchronizedBuildFileExceptionSet;
			membershipExceptions = (
				Info.plist,
			);
			target = E244743F2859CA9600F8891C /* DOSBTSWidget */;
		};
/* End PBXFileSystemSynchronizedBuildFileExceptionSet section */

/* Begin PBXFileSystemSynchronizedRootGroup section */
		E82177EA2F97ED5E00ACCE52 /* App */ = {isa = PBXFileSystemSynchronizedRootGroup; exceptions = (E82178582F97ED5F00ACCE52 /* PBXFileSystemSynchronizedBuildFileExceptionSet */, ); explicitFileTypes = {}; explicitFolders = (); path = App; sourceTree = "<group>"; };
		E8217E2F2F97F9B700ACCE52 /* Library */ = {isa = PBXFileSystemSynchronizedRootGroup; exceptions = (E8217F012F97F9B800ACCE52 /* PBXFileSystemSynchronizedBuildFileExceptionSet */, ); explicitFileTypes = {}; explicitFolders = (); path = Library; sourceTree = "<group>"; };
		E8217F1D2F97F9BD00ACCE52 /* Widgets */ = {isa = PBXFileSystemSynchronizedRootGroup; exceptions = (E8217F252F97F9BE00ACCE52 /* PBXFileSystemSynchronizedBuildFileExceptionSet */, ); explicitFileTypes = {}; explicitFolders = (); path = Widgets; sourceTree = "<group>"; };
/* End PBXFileSystemSynchronizedRootGroup section */

/* Begin PBXFrameworksBuildPhase section */
		E20B8537266F4A9800AA4224 /* Frameworks */ = {
			isa = PBXFrameworksBuildPhase;
			buildActionMask = 2147483647;
			files = (
				101B53852A3BC0210088B4BD /* GRDB in Frameworks */,
				E251653E28D7BFE900922898 /* ActivityKit.framework in Frameworks */,
				E27BBA8027AD7DDA00A6B8EE /* HealthKit.framework in Frameworks */,
			);
			runOnlyForDeploymentPostprocessing = 0;
		};
		E244743D2859CA9600F8891C /* Frameworks */ = {
			isa = PBXFrameworksBuildPhase;
			buildActionMask = 2147483647;
			files = (
				E251653F28D7BFF100922898 /* ActivityKit.framework in Frameworks */,
				E24474422859CA9600F8891C /* SwiftUI.framework in Frameworks */,
				E24474412859CA9600F8891C /* WidgetKit.framework in Frameworks */,
			);
			runOnlyForDeploymentPostprocessing = 0;
		};
/* End PBXFrameworksBuildPhase section */

/* Begin PBXGroup section */
		E20B8531266F4A9800AA4224 = {
			isa = PBXGroup;
			children = (
				6587CE4429620FB0008518F4 /* DOSBTSOverride.xcconfig */,
				E247D8E426B7D70A00BDAF89 /* DOSBTS.xcconfig */,
				E82177EA2F97ED5E00ACCE52 /* App */,
				E8217F1D2F97F9BD00ACCE52 /* Widgets */,
				E8217E2F2F97F9B700ACCE52 /* Library */,
				TE01000500000001000A0001 /* DOSBTSTests */,
				E27BFC0126B1407E00F8FBEF /* Frameworks */,
				E20B853B266F4A9800AA4224 /* Products */,
			);
			sourceTree = "<group>";
		};
		E20B853B266F4A9800AA4224 /* Products */ = {
			isa = PBXGroup;
			children = (
				E20B853A266F4A9800AA4224 /* DOSBTSApp.app */,
				E24474402859CA9600F8891C /* DOSBTSWidget.appex */,
				TE01000400000001000A0001 /* DOSBTSTests.xctest */,
			);
			name = Products;
			sourceTree = "<group>";
		};
		E27BFC0126B1407E00F8FBEF /* Frameworks */ = {
			isa = PBXGroup;
			children = (
				E251653D28D7BFE900922898 /* ActivityKit.framework */,
				E27BBA7F27AD7DDA00A6B8EE /* HealthKit.framework */,
				E27BFC0226B1407E00F8FBEF /* WidgetKit.framework */,
				E27BFC0426B1407E00F8FBEF /* SwiftUI.framework */,
			);
			name = Frameworks;
			sourceTree = "<group>";
		};
		TE01000500000001000A0001 /* DOSBTSTests */ = {
			isa = PBXGroup;
			children = (
				TE01000200000001000A0001 /* DOSBTSTests.swift */,
				TE01000200000002000A0002 /* DirectReducerTests.swift */,
				TE01000200000003000A0003 /* IOBCalculatorTests.swift */,
				TE01000200000004000A0004 /* CustomCalibrationTests.swift */,
				TE01000200000005000A0005 /* DailyDigestTests.swift */,
				TE01000200000006000A0006 /* GlucoseStatisticsTests.swift */,
				TE01000200000007000A0007 /* MealImpactTests.swift */,
				TE01000200000008000A0008 /* SensorTests.swift */,
				TE01000200000009000A0009 /* SensorTrendTests.swift */,
				TE0100020000000A000A000A /* HasSeenBGRelocationHintReducerTests.swift */,
				TE0100020000000B000A000B /* FavoriteFoodTests.swift */,
				TE0100020000000C000A000C /* AppOpenCountReducerTests.swift */,
				TE0100020000000D000A000D /* AmberChipTests.swift */,
				D9309BBC9D1A45039D88243C /* EntryGroupListOverlayTests.swift */,
				2DF0395D4E22484C9E6488BD /* InsulinImpactTests.swift */,
				TE0100020000000F000A000F /* QuickTimeChipsTests.swift */,
				FDBC4B4C2D774E90898BED6B /* StagingPlateRowTests.swift */,
				TE0100020000000E000A000E /* StepperFieldTests.swift */,
			);
			path = DOSBTSTests;
			sourceTree = "<group>";
		};
/* End PBXGroup section */

/* Begin PBXNativeTarget section */
		E20B8539266F4A9800AA4224 /* DOSBTSApp */ = {
			isa = PBXNativeTarget;
			buildConfigurationList = E20B8549266F4A9900AA4224 /* Build configuration list for PBXNativeTarget "DOSBTSApp" */;
			buildPhases = (
				E20B8536266F4A9800AA4224 /* Sources */,
				E20B8537266F4A9800AA4224 /* Frameworks */,
				E20B8538266F4A9800AA4224 /* Resources */,
				E27BFC1526B1407F00F8FBEF /* Embed Foundation Extensions */,
			);
			buildRules = (
			);
			dependencies = (
				E244744A2859CA9700F8891C /* PBXTargetDependency */,
			);
			fileSystemSynchronizedGroups = (
				E82177EA2F97ED5E00ACCE52 /* App */,
				E8217E2F2F97F9B700ACCE52 /* Library */,
			);
			name = DOSBTSApp;
			packageProductDependencies = (
				101B53842A3BC0210088B4BD /* GRDB */,
			);
			productName = DOSBTS;
			productReference = E20B853A266F4A9800AA4224 /* DOSBTSApp.app */;
			productType = "com.apple.product-type.application";
		};
		E244743F2859CA9600F8891C /* DOSBTSWidget */ = {
			isa = PBXNativeTarget;
			buildConfigurationList = E244744E2859CA9700F8891C /* Build configuration list for PBXNativeTarget "DOSBTSWidget" */;
			buildPhases = (
				E244743C2859CA9600F8891C /* Sources */,
				E244743D2859CA9600F8891C /* Frameworks */,
				E244743E2859CA9600F8891C /* Resources */,
			);
			buildRules = (
			);
			dependencies = (
			);
			fileSystemSynchronizedGroups = (
				E8217E2F2F97F9B700ACCE52 /* Library */,
				E8217F1D2F97F9BD00ACCE52 /* Widgets */,
			);
			name = DOSBTSWidget;
			productName = WidgetsExtension;
			productReference = E24474402859CA9600F8891C /* DOSBTSWidget.appex */;
			productType = "com.apple.product-type.app-extension";
		};
		TE01000600000001000A0001 /* DOSBTSTests */ = {
			isa = PBXNativeTarget;
			buildConfigurationList = TE01000900000001000A0001 /* Build configuration list for PBXNativeTarget "DOSBTSTests" */;
			buildPhases = (
				TE01000700000001000A0001 /* Sources */,
			);
			buildRules = (
			);
			dependencies = (
				TE01000800000001000A0001 /* PBXTargetDependency */,
			);
			name = DOSBTSTests;
			packageProductDependencies = (
			);
			productName = DOSBTSTests;
			productReference = TE01000400000001000A0001 /* DOSBTSTests.xctest */;
			productType = "com.apple.product-type.bundle.unit-test";
		};
/* End PBXNativeTarget section */

/* Begin PBXProject section */
		E20B8532266F4A9800AA4224 /* Project object */ = {
			isa = PBXProject;
			attributes = {
				BuildIndependentTargetsInParallel = YES;
				LastSwiftUpdateCheck = 1400;
				LastUpgradeCheck = 1600;
				TargetAttributes = {
					E20B8539266F4A9800AA4224 = {
						CreatedOnToolsVersion = 12.5;
					};
					E244743F2859CA9600F8891C = {
						CreatedOnToolsVersion = 14.0;
					};
					TE01000600000001000A0001 = {
						CreatedOnToolsVersion = 16.0;
						TestTargetID = E20B8539266F4A9800AA4224;
					};
				};
			};
			buildConfigurationList = E20B8535266F4A9800AA4224 /* Build configuration list for PBXProject "DOSBTS" */;
			compatibilityVersion = "Xcode 9.3";
			developmentRegion = en;
			hasScannedForEncodings = 0;
			knownRegions = (
				en,
				de,
				sv,
				fr,
				it,
				es,
				nl,
				"zh-Hans",
				"zh-Hant",
				"pt-PT",
				ru,
				fi,
				tr,
				uk,
				Base,
				pl,
				ar,
				bg,
				ka,
				cs,
			);
			mainGroup = E20B8531266F4A9800AA4224;
			packageReferences = (
				101B53832A3BC0210088B4BD /* XCRemoteSwiftPackageReference "GRDB" */,
			);
			productRefGroup = E20B853B266F4A9800AA4224 /* Products */;
			projectDirPath = "";
			projectRoot = "";
			targets = (
				E20B8539266F4A9800AA4224 /* DOSBTSApp */,
				E244743F2859CA9600F8891C /* DOSBTSWidget */,
				TE01000600000001000A0001 /* DOSBTSTests */,
			);
		};
/* End PBXProject section */

/* Begin PBXResourcesBuildPhase section */
		E20B8538266F4A9800AA4224 /* Resources */ = {
			isa = PBXResourcesBuildPhase;
			buildActionMask = 2147483647;
			files = (
			);
			runOnlyForDeploymentPostprocessing = 0;
		};
		E244743E2859CA9600F8891C /* Resources */ = {
			isa = PBXResourcesBuildPhase;
			buildActionMask = 2147483647;
			files = (
			);
			runOnlyForDeploymentPostprocessing = 0;
		};
/* End PBXResourcesBuildPhase section */

/* Begin PBXSourcesBuildPhase section */
		E20B8536266F4A9800AA4224 /* Sources */ = {
			isa = PBXSourcesBuildPhase;
			buildActionMask = 2147483647;
			files = (
			);
			runOnlyForDeploymentPostprocessing = 0;
		};
		E244743C2859CA9600F8891C /* Sources */ = {
			isa = PBXSourcesBuildPhase;
			buildActionMask = 2147483647;
			files = (
			);
			runOnlyForDeploymentPostprocessing = 0;
		};
		TE01000700000001000A0001 /* Sources */ = {
			isa = PBXSourcesBuildPhase;
			buildActionMask = 2147483647;
			files = (
				TE01000100000001000A0001 /* DOSBTSTests.swift in Sources */,
				TE01000100000002000A0002 /* DirectReducerTests.swift in Sources */,
				TE01000100000003000A0003 /* IOBCalculatorTests.swift in Sources */,
				TE01000100000004000A0004 /* CustomCalibrationTests.swift in Sources */,
				TE01000100000005000A0005 /* DailyDigestTests.swift in Sources */,
				TE01000100000006000A0006 /* GlucoseStatisticsTests.swift in Sources */,
				TE01000100000007000A0007 /* MealImpactTests.swift in Sources */,
				TE01000100000008000A0008 /* SensorTests.swift in Sources */,
				TE01000100000009000A0009 /* SensorTrendTests.swift in Sources */,
				TE0100010000000A000A000A /* HasSeenBGRelocationHintReducerTests.swift in Sources */,
				TE0100010000000B000A000B /* FavoriteFoodTests.swift in Sources */,
				TE0100010000000C000A000C /* AppOpenCountReducerTests.swift in Sources */,
				TE0100010000000D000A000D /* AmberChipTests.swift in Sources */,
				1DA4B45CFC6E42E78B81BFD8 /* EntryGroupListOverlayTests.swift in Sources */,
				014BC5267E0D43B3B9F2B6F9 /* InsulinImpactTests.swift in Sources */,
				TE0100010000000F000A000F /* QuickTimeChipsTests.swift in Sources */,
				940B4124F95646FBA4691020 /* StagingPlateRowTests.swift in Sources */,
				TE0100010000000E000A000E /* StepperFieldTests.swift in Sources */,
			);
			runOnlyForDeploymentPostprocessing = 0;
		};
/* End PBXSourcesBuildPhase section */

/* Begin PBXTargetDependency section */
		E244744A2859CA9700F8891C /* PBXTargetDependency */ = {
			isa = PBXTargetDependency;
			target = E244743F2859CA9600F8891C /* DOSBTSWidget */;
			targetProxy = E24474492859CA9700F8891C /* PBXContainerItemProxy */;
		};
		TE01000800000001000A0001 /* PBXTargetDependency */ = {
			isa = PBXTargetDependency;
			target = E20B8539266F4A9800AA4224 /* DOSBTSApp */;
			targetProxy = TE01000300000001000A0001 /* PBXContainerItemProxy */;
		};
/* End PBXTargetDependency section */

/* Begin XCBuildConfiguration section */
		E20B8547266F4A9900AA4224 /* Debug */ = {
			isa = XCBuildConfiguration;
			buildSettings = {
				ALWAYS_SEARCH_USER_PATHS = NO;
				CLANG_ANALYZER_LOCALIZABILITY_NONLOCALIZED = YES;
				CLANG_ANALYZER_NONNULL = YES;
				CLANG_ANALYZER_NUMBER_OBJECT_CONVERSION = YES_AGGRESSIVE;
				CLANG_CXX_LANGUAGE_STANDARD = "gnu++14";
				CLANG_CXX_LIBRARY = "libc++";
				CLANG_ENABLE_MODULES = YES;
				CLANG_ENABLE_OBJC_ARC = YES;
				CLANG_ENABLE_OBJC_WEAK = YES;
				CLANG_WARN_BLOCK_CAPTURE_AUTORELEASING = YES;
				CLANG_WARN_BOOL_CONVERSION = YES;
				CLANG_WARN_COMMA = YES;
				CLANG_WARN_CONSTANT_CONVERSION = YES;
				CLANG_WARN_DEPRECATED_OBJC_IMPLEMENTATIONS = YES;
				CLANG_WARN_DIRECT_OBJC_ISA_USAGE = YES_ERROR;
				CLANG_WARN_DOCUMENTATION_COMMENTS = YES;
				CLANG_WARN_EMPTY_BODY = YES;
				CLANG_WARN_ENUM_CONVERSION = YES;
				CLANG_WARN_INFINITE_RECURSION = YES;
				CLANG_WARN_INT_CONVERSION = YES;
				CLANG_WARN_NON_LITERAL_NULL_CONVERSION = YES;
				CLANG_WARN_OBJC_IMPLICIT_RETAIN_SELF = YES;
				CLANG_WARN_OBJC_LITERAL_CONVERSION = YES;
				CLANG_WARN_OBJC_ROOT_CLASS = YES_ERROR;
				CLANG_WARN_QUOTED_INCLUDE_IN_FRAMEWORK_HEADER = YES;
				CLANG_WARN_RANGE_LOOP_ANALYSIS = YES;
				CLANG_WARN_STRICT_PROTOTYPES = YES;
				CLANG_WARN_SUSPICIOUS_MOVE = YES;
				CLANG_WARN_UNGUARDED_AVAILABILITY = YES_AGGRESSIVE;
				CLANG_WARN_UNREACHABLE_CODE = YES;
				CLANG_WARN__DUPLICATE_METHOD_MATCH = YES;
				COPY_PHASE_STRIP = NO;
				DEBUG_INFORMATION_FORMAT = dwarf;
				ENABLE_STRICT_OBJC_MSGSEND = YES;
				ENABLE_TESTABILITY = YES;
				ENABLE_USER_SCRIPT_SANDBOXING = YES;
				GCC_C_LANGUAGE_STANDARD = gnu11;
				GCC_DYNAMIC_NO_PIC = NO;
				GCC_NO_COMMON_BLOCKS = YES;
				GCC_OPTIMIZATION_LEVEL = 0;
				GCC_PREPROCESSOR_DEFINITIONS = (
					"DEBUG=1",
					"$(inherited)",
				);
				GCC_WARN_64_TO_32_BIT_CONVERSION = YES;
				GCC_WARN_ABOUT_RETURN_TYPE = YES_ERROR;
				GCC_WARN_UNDECLARED_SELECTOR = YES;
				GCC_WARN_UNINITIALIZED_AUTOS = YES_AGGRESSIVE;
				GCC_WARN_UNUSED_FUNCTION = YES;
				GCC_WARN_UNUSED_VARIABLE = YES;
				IPHONEOS_DEPLOYMENT_TARGET = 26.0;
				MTL_ENABLE_DEBUG_INFO = INCLUDE_SOURCE;
				MTL_FAST_MATH = YES;
				ONLY_ACTIVE_ARCH = YES;
				SDKROOT = iphoneos;
				SWIFT_ACTIVE_COMPILATION_CONDITIONS = DEBUG;
				SWIFT_EMIT_LOC_STRINGS = YES;
				SWIFT_OPTIMIZATION_LEVEL = "-Onone";
			};
			name = Debug;
		};
		E20B8548266F4A9900AA4224 /* Release */ = {
			isa = XCBuildConfiguration;
			buildSettings = {
				ALWAYS_SEARCH_USER_PATHS = NO;
				CLANG_ANALYZER_LOCALIZABILITY_NONLOCALIZED = YES;
				CLANG_ANALYZER_NONNULL = YES;
				CLANG_ANALYZER_NUMBER_OBJECT_CONVERSION = YES_AGGRESSIVE;
				CLANG_CXX_LANGUAGE_STANDARD = "gnu++14";
				CLANG_CXX_LIBRARY = "libc++";
				CLANG_ENABLE_MODULES = YES;
				CLANG_ENABLE_OBJC_ARC = YES;
				CLANG_ENABLE_OBJC_WEAK = YES;
				CLANG_WARN_BLOCK_CAPTURE_AUTORELEASING = YES;
				CLANG_WARN_BOOL_CONVERSION = YES;
				CLANG_WARN_COMMA = YES;
				CLANG_WARN_CONSTANT_CONVERSION = YES;
				CLANG_WARN_DEPRECATED_OBJC_IMPLEMENTATIONS = YES;
				CLANG_WARN_DIRECT_OBJC_ISA_USAGE = YES_ERROR;
				CLANG_WARN_DOCUMENTATION_COMMENTS = YES;
				CLANG_WARN_EMPTY_BODY = YES;
				CLANG_WARN_ENUM_CONVERSION = YES;
				CLANG_WARN_INFINITE_RECURSION = YES;
				CLANG_WARN_INT_CONVERSION = YES;
				CLANG_WARN_NON_LITERAL_NULL_CONVERSION = YES;
				CLANG_WARN_OBJC_IMPLICIT_RETAIN_SELF = YES;
				CLANG_WARN_OBJC_LITERAL_CONVERSION = YES;
				CLANG_WARN_OBJC_ROOT_CLASS = YES_ERROR;
				CLANG_WARN_QUOTED_INCLUDE_IN_FRAMEWORK_HEADER = YES;
				CLANG_WARN_RANGE_LOOP_ANALYSIS = YES;
				CLANG_WARN_STRICT_PROTOTYPES = YES;
				CLANG_WARN_SUSPICIOUS_MOVE = YES;
				CLANG_WARN_UNGUARDED_AVAILABILITY = YES_AGGRESSIVE;
				CLANG_WARN_UNREACHABLE_CODE = YES;
				CLANG_WARN__DUPLICATE_METHOD_MATCH = YES;
				COPY_PHASE_STRIP = NO;
				DEBUG_INFORMATION_FORMAT = "dwarf-with-dsym";
				ENABLE_NS_ASSERTIONS = NO;
				ENABLE_STRICT_OBJC_MSGSEND = YES;
				ENABLE_USER_SCRIPT_SANDBOXING = YES;
				GCC_C_LANGUAGE_STANDARD = gnu11;
				GCC_NO_COMMON_BLOCKS = YES;
				GCC_WARN_64_TO_32_BIT_CONVERSION = YES;
				GCC_WARN_ABOUT_RETURN_TYPE = YES_ERROR;
				GCC_WARN_UNDECLARED_SELECTOR = YES;
				GCC_WARN_UNINITIALIZED_AUTOS = YES_AGGRESSIVE;
				GCC_WARN_UNUSED_FUNCTION = YES;
				GCC_WARN_UNUSED_VARIABLE = YES;
				IPHONEOS_DEPLOYMENT_TARGET = 26.0;
				MTL_ENABLE_DEBUG_INFO = NO;
				MTL_FAST_MATH = YES;
				SDKROOT = iphoneos;
				SWIFT_COMPILATION_MODE = wholemodule;
				SWIFT_EMIT_LOC_STRINGS = YES;
				SWIFT_OPTIMIZATION_LEVEL = "-O";
				VALIDATE_PRODUCT = YES;
			};
			name = Release;
		};
		E20B854A266F4A9900AA4224 /* Debug */ = {
			isa = XCBuildConfiguration;
			baseConfigurationReference = E247D8E426B7D70A00BDAF89 /* DOSBTS.xcconfig */;
			buildSettings = {
				APP_GROUP_ID = "$(APP_GROUP_ID)";
				ASSETCATALOG_COMPILER_APPICON_NAME = AppIcon;
				ASSETCATALOG_COMPILER_GLOBAL_ACCENT_COLOR_NAME = AccentColor;
				CODE_SIGN_ENTITLEMENTS = App/App.entitlements;
				CODE_SIGN_STYLE = Automatic;
				CURRENT_PROJECT_VERSION = 76;
				DEVELOPMENT_ASSET_PATHS = "\"App/Preview Content\"";
				DEVELOPMENT_TEAM = "${DEVELOPMENT_TEAM}";
				ENABLE_PREVIEWS = YES;
				INFOPLIST_FILE = App/Info.plist;
				INFOPLIST_KEY_LSApplicationCategoryType = "public.app-category.lifestyle";
				IPHONEOS_DEPLOYMENT_TARGET = 26.0;
				LD_RUNPATH_SEARCH_PATHS = (
					"$(inherited)",
					"@executable_path/Frameworks",
				);
				MARKETING_VERSION = "${APP_VERSION}";
				PRODUCT_BUNDLE_IDENTIFIER = "${PRODUCT_BUNDLE_IDENTIFIER}";
				PRODUCT_NAME = "$(TARGET_NAME)";
				SUPPORTED_PLATFORMS = "iphoneos iphonesimulator";
				SUPPORTS_MACCATALYST = NO;
				SUPPORTS_MAC_DESIGNED_FOR_IPHONE_IPAD = NO;
				SWIFT_VERSION = 5.0;
				TARGETED_DEVICE_FAMILY = "1,2";
			};
			name = Debug;
		};
		E20B854B266F4A9900AA4224 /* Release */ = {
			isa = XCBuildConfiguration;
			baseConfigurationReference = E247D8E426B7D70A00BDAF89 /* DOSBTS.xcconfig */;
			buildSettings = {
				APP_GROUP_ID = "$(APP_GROUP_ID)";
				ASSETCATALOG_COMPILER_APPICON_NAME = AppIcon;
				ASSETCATALOG_COMPILER_GLOBAL_ACCENT_COLOR_NAME = AccentColor;
				CODE_SIGN_ENTITLEMENTS = App/App.entitlements;
				CODE_SIGN_STYLE = Automatic;
				CURRENT_PROJECT_VERSION = 76;
				DEVELOPMENT_ASSET_PATHS = "\"App/Preview Content\"";
				DEVELOPMENT_TEAM = "${DEVELOPMENT_TEAM}";
				ENABLE_PREVIEWS = YES;
				INFOPLIST_FILE = App/Info.plist;
				INFOPLIST_KEY_LSApplicationCategoryType = "public.app-category.lifestyle";
				IPHONEOS_DEPLOYMENT_TARGET = 26.0;
				LD_RUNPATH_SEARCH_PATHS = (
					"$(inherited)",
					"@executable_path/Frameworks",
				);
				MARKETING_VERSION = "${APP_VERSION}";
				PRODUCT_BUNDLE_IDENTIFIER = "${PRODUCT_BUNDLE_IDENTIFIER}";
				PRODUCT_NAME = "$(TARGET_NAME)";
				SUPPORTED_PLATFORMS = "iphoneos iphonesimulator";
				SUPPORTS_MACCATALYST = NO;
				SUPPORTS_MAC_DESIGNED_FOR_IPHONE_IPAD = NO;
				SWIFT_VERSION = 5.0;
				TARGETED_DEVICE_FAMILY = "1,2";
			};
			name = Release;
		};
		E244744C2859CA9700F8891C /* Debug */ = {
			isa = XCBuildConfiguration;
			baseConfigurationReference = E247D8E426B7D70A00BDAF89 /* DOSBTS.xcconfig */;
			buildSettings = {
				APP_GROUP_ID = "$(APP_GROUP_ID)";
				ASSETCATALOG_COMPILER_APPICON_NAME = AppIcon;
				ASSETCATALOG_COMPILER_GLOBAL_ACCENT_COLOR_NAME = AccentColor;
				ASSETCATALOG_COMPILER_WIDGET_BACKGROUND_COLOR_NAME = WidgetBackground;
				CLANG_CXX_LANGUAGE_STANDARD = "gnu++17";
				CODE_SIGN_ENTITLEMENTS = Widgets/Widgets.entitlements;
				CODE_SIGN_STYLE = Automatic;
				CURRENT_PROJECT_VERSION = 76;
				DEVELOPMENT_TEAM = "${DEVELOPMENT_TEAM}";
				GENERATE_INFOPLIST_FILE = YES;
				INFOPLIST_FILE = Widgets/Info.plist;
				INFOPLIST_KEY_CFBundleDisplayName = Widgets;
				INFOPLIST_KEY_NSHumanReadableCopyright = "";
				IPHONEOS_DEPLOYMENT_TARGET = 26.0;
				LD_RUNPATH_SEARCH_PATHS = (
					"$(inherited)",
					"@executable_path/Frameworks",
					"@executable_path/../../Frameworks",
				);
				MARKETING_VERSION = "${APP_VERSION}";
				PRODUCT_BUNDLE_IDENTIFIER = "${PRODUCT_BUNDLE_IDENTIFIER}.Widgets";
				PRODUCT_NAME = "$(TARGET_NAME)";
				SKIP_INSTALL = YES;
				SWIFT_EMIT_LOC_STRINGS = YES;
				SWIFT_VERSION = 5.0;
				TARGETED_DEVICE_FAMILY = "1,2";
			};
			name = Debug;
		};
		E244744D2859CA9700F8891C /* Release */ = {
			isa = XCBuildConfiguration;
			baseConfigurationReference = E247D8E426B7D70A00BDAF89 /* DOSBTS.xcconfig */;
			buildSettings = {
				APP_GROUP_ID = "$(APP_GROUP_ID)";
				ASSETCATALOG_COMPILER_APPICON_NAME = AppIcon;
				ASSETCATALOG_COMPILER_GLOBAL_ACCENT_COLOR_NAME = AccentColor;
				ASSETCATALOG_COMPILER_WIDGET_BACKGROUND_COLOR_NAME = WidgetBackground;
				CLANG_CXX_LANGUAGE_STANDARD = "gnu++17";
				CODE_SIGN_ENTITLEMENTS = Widgets/Widgets.entitlements;
				CODE_SIGN_STYLE = Automatic;
				CURRENT_PROJECT_VERSION = 76;
				DEVELOPMENT_TEAM = "${DEVELOPMENT_TEAM}";
				GENERATE_INFOPLIST_FILE = YES;
				INFOPLIST_FILE = Widgets/Info.plist;
				INFOPLIST_KEY_CFBundleDisplayName = Widgets;
				INFOPLIST_KEY_NSHumanReadableCopyright = "";
				IPHONEOS_DEPLOYMENT_TARGET = 26.0;
				LD_RUNPATH_SEARCH_PATHS = (
					"$(inherited)",
					"@executable_path/Frameworks",
					"@executable_path/../../Frameworks",
				);
				MARKETING_VERSION = "${APP_VERSION}";
				PRODUCT_BUNDLE_IDENTIFIER = "${PRODUCT_BUNDLE_IDENTIFIER}.Widgets";
				PRODUCT_NAME = "$(TARGET_NAME)";
				SKIP_INSTALL = YES;
				SWIFT_EMIT_LOC_STRINGS = YES;
				SWIFT_VERSION = 5.0;
				TARGETED_DEVICE_FAMILY = "1,2";
			};
			name = Release;
		};
		TE0100010A000001000A0001 /* Debug */ = {
			isa = XCBuildConfiguration;
			buildSettings = {
				BUNDLE_LOADER = "$(TEST_HOST)";
				CODE_SIGN_STYLE = Automatic;
				CURRENT_PROJECT_VERSION = 1;
				DEVELOPMENT_TEAM = "${DEVELOPMENT_TEAM}";
				GENERATE_INFOPLIST_FILE = YES;
				IPHONEOS_DEPLOYMENT_TARGET = 26.0;
				MARKETING_VERSION = 1.0;
				PRODUCT_BUNDLE_IDENTIFIER = com.cinimody.DOSBTSTests;
				PRODUCT_NAME = "$(TARGET_NAME)";
				SWIFT_VERSION = 5.0;
				TARGETED_DEVICE_FAMILY = "1,2";
				TEST_HOST = "$(BUILT_PRODUCTS_DIR)/DOSBTSApp.app/$(BUNDLE_EXECUTABLE_FOLDER_PATH)/DOSBTSApp";
			};
			name = Debug;
		};
		TE0100010A000002000A0002 /* Release */ = {
			isa = XCBuildConfiguration;
			buildSettings = {
				BUNDLE_LOADER = "$(TEST_HOST)";
				CODE_SIGN_STYLE = Automatic;
				CURRENT_PROJECT_VERSION = 1;
				DEVELOPMENT_TEAM = "${DEVELOPMENT_TEAM}";
				GENERATE_INFOPLIST_FILE = YES;
				IPHONEOS_DEPLOYMENT_TARGET = 26.0;
				MARKETING_VERSION = 1.0;
				PRODUCT_BUNDLE_IDENTIFIER = com.cinimody.DOSBTSTests;
				PRODUCT_NAME = "$(TARGET_NAME)";
				SWIFT_VERSION = 5.0;
				TARGETED_DEVICE_FAMILY = "1,2";
				TEST_HOST = "$(BUILT_PRODUCTS_DIR)/DOSBTSApp.app/$(BUNDLE_EXECUTABLE_FOLDER_PATH)/DOSBTSApp";
			};
			name = Release;
		};
/* End XCBuildConfiguration section */

/* Begin XCConfigurationList section */
		E20B8535266F4A9800AA4224 /* Build configuration list for PBXProject "DOSBTS" */ = {
			isa = XCConfigurationList;
			buildConfigurations = (
				E20B8547266F4A9900AA4224 /* Debug */,
				E20B8548266F4A9900AA4224 /* Release */,
			);
			defaultConfigurationIsVisible = 0;
			defaultConfigurationName = Release;
		};
		E20B8549266F4A9900AA4224 /* Build configuration list for PBXNativeTarget "DOSBTSApp" */ = {
			isa = XCConfigurationList;
			buildConfigurations = (
				E20B854A266F4A9900AA4224 /* Debug */,
				E20B854B266F4A9900AA4224 /* Release */,
			);
			defaultConfigurationIsVisible = 0;
			defaultConfigurationName = Release;
		};
		E244744E2859CA9700F8891C /* Build configuration list for PBXNativeTarget "DOSBTSWidget" */ = {
			isa = XCConfigurationList;
			buildConfigurations = (
				E244744C2859CA9700F8891C /* Debug */,
				E244744D2859CA9700F8891C /* Release */,
			);
			defaultConfigurationIsVisible = 0;
			defaultConfigurationName = Release;
		};
		TE01000900000001000A0001 /* Build configuration list for PBXNativeTarget "DOSBTSTests" */ = {
			isa = XCConfigurationList;
			buildConfigurations = (
				TE0100010A000001000A0001 /* Debug */,
				TE0100010A000002000A0002 /* Release */,
			);
			defaultConfigurationIsVisible = 0;
			defaultConfigurationName = Release;
		};
/* End XCConfigurationList section */

/* Begin XCRemoteSwiftPackageReference section */
		101B53832A3BC0210088B4BD /* XCRemoteSwiftPackageReference "GRDB" */ = {
			isa = XCRemoteSwiftPackageReference;
			repositoryURL = "https://github.com/groue/GRDB.swift";
			requirement = {
				kind = exactVersion;
				version = 6.29.3;
			};
		};
/* End XCRemoteSwiftPackageReference section */

/* Begin XCSwiftPackageProductDependency section */
		101B53842A3BC0210088B4BD /* GRDB */ = {
			isa = XCSwiftPackageProductDependency;
			package = 101B53832A3BC0210088B4BD /* XCRemoteSwiftPackageReference "GRDB" */;
			productName = GRDB;
		};
/* End XCSwiftPackageProductDependency section */
	};
	rootObject = E20B8532266F4A9800AA4224 /* Project object */;
}
